<?xml version="1.0" encoding="utf-8"?>
<Project ToolsVersion="4.0" xmlns="http://schemas.microsoft.com/developer/msbuild/2003">
  <ItemGroup>
    <Filter Include="源文件">
      <UniqueIdentifier>{4FC737F1-C7A5-4376-A066-2A32D752A2FF}</UniqueIdentifier>
      <Extensions>cpp;c;cc;cxx;c++;cppm;ixx;def;odl;idl;hpj;bat;asm;asmx</Extensions>
    </Filter>
    <Filter Include="头文件">
      <UniqueIdentifier>{93995380-89BD-4b04-88EB-625FBE52EBFB}</UniqueIdentifier>
      <Extensions>h;hh;hpp;hxx;h++;hm;inl;inc;ipp;xsd</Extensions>
    </Filter>
    <Filter Include="资源文件">
      <UniqueIdentifier>{67DA6AB6-F800-4c08-8B7A-83BB121AAD01}</UniqueIdentifier>
      <Extensions>rc;ico;cur;bmp;dlg;rc2;rct;bin;rgs;gif;jpg;jpeg;jpe;resx;tiff;tif;png;wav;mfcribbon-ms</Extensions>
    </Filter>
  </ItemGroup>
  <ItemGroup>
    <ClCompile Include="SNLC.cpp">
      <Filter>源文件</Filter>
    </ClCompile>
    <ClCompile Include="SNL_Lexer\lexer.cpp">
      <Filter>源文件</Filter>
    </ClCompile>
    <ClCompile Include="SNL_Common\token.cpp">
      <Filter>源文件</Filter>
    </ClCompile>
    <ClCompile Include="SNL_Common\token_list.cpp">
      <Filter>源文件</Filter>
    </ClCompile>
    <ClCompile Include="snl_common\exceptions\type_error.cpp">
      <Filter>源文件</Filter>
    </ClCompile>
    <ClCompile Include="snl_common\file_reader.cpp">
      <Filter>源文件</Filter>
    </ClCompile>
    <ClCompile Include="snl_common\ast.cpp">
      <Filter>源文件</Filter>
    </ClCompile>
    <ClCompile Include="snl_grammar\parser.cpp">
      <Filter>源文件</Filter>
    </ClCompile>
    <ClCompile Include="snl_grammar\predict.cpp">
      <Filter>源文件</Filter>
    </ClCompile>
    <ClCompile Include="tests\scripts\test.cpp">
      <Filter>源文件</Filter>
    </ClCompile>
    <ClCompile Include="snl_semantic\symTable.cpp">
      <Filter>源文件</Filter>
    </ClCompile>
    <ClCompile Include="snl_semantic\table.cpp">
      <Filter>源文件</Filter>
    </ClCompile>
  </ItemGroup>
  <ItemGroup>
    <ClInclude Include="SNL_Lexer\lexer.h">
      <Filter>头文件</Filter>
    </ClInclude>
    <ClInclude Include="SNL_Common\token.h">
      <Filter>头文件</Filter>
    </ClInclude>
    <ClInclude Include="SNL_Common\token_list.h">
      <Filter>头文件</Filter>
    </ClInclude>
    <ClInclude Include="snl_common\exceptions\type_error.h">
      <Filter>头文件</Filter>
    </ClInclude>
    <ClInclude Include="snl_common\file_reader.h">
      <Filter>头文件</Filter>
    </ClInclude>
    <ClInclude Include="snl_common\ast.h">
      <Filter>头文件</Filter>
    </ClInclude>
    <ClInclude Include="snl_grammar\parser.h">
      <Filter>头文件</Filter>
    </ClInclude>
    <ClInclude Include="snl_grammar\predict.h">
      <Filter>头文件</Filter>
    </ClInclude>
    <ClInclude Include="tests\scripts\test.h">
      <Filter>头文件</Filter>
    </ClInclude>
    <ClInclude Include="snl_semantic\symTable.h">
      <Filter>头文件</Filter>
    </ClInclude>
    <ClInclude Include="snl_semantic\table.h">
      <Filter>头文件</Filter>
    </ClInclude>
  </ItemGroup>
  <ItemGroup>
    <None Include="supplement\snl.bnf" />
    <None Include="tests\test1.snl" />
    <None Include="tests\test2.snl" />
    <None Include="tests\test3.snl" />
  </ItemGroup>
</Project>